Microsoft Visual Studio Solution File, Format Version 12.00
# Visual Studio Version 17
VisualStudioVersion = 17.0.31912.275
MinimumVisualStudioVersion = 10.0.40219.1
Project("{FAE04EC0-301F-11D3-BF4B-00C04F79EFBC}") = "Tienda-Don-Julio", "TiendaBarrio\Tienda-Don-Julio.csproj", "{D3B5A8B4-8F2E-4C7A-9B9F-1D2E3F4A5B6C}"
EndProject
Global
	GlobalSection(SolutionConfigurationPlatforms) = preSolution
		Debug|Any CPU = Debug|Any CPU
		Release|Any CPU = Release|Any CPU
	EndGlobalSection
	GlobalSection(ProjectConfigurationPlatforms) = postSolution
		{D3B5A8B4-8F2E-4C7A-9B9F-1D2E3F4A5B6C}.Debug|Any CPU.ActiveCfg = Debug|Any CPU
		{D3B5A8B4-8F2E-4C7A-9B9F-1D2E3F4A5B6C}.Debug|Any CPU.Build.0 = Debug|Any CPU
		{D3B5A8B4-8F2E-4C7A-9B9F-1D2E3F4A5B6C}.Release|Any CPU.ActiveCfg = Release|Any CPU
		{D3B5A8B4-8F2E-4C7A-9B9F-1D2E3F4A5B6C}.Release|Any CPU.Build.0 = Release|Any CPU
	EndGlobalSection
	GlobalSection(SolutionProperties) = preSolution
		HideSolutionNode = FALSE
	EndGlobalSection
EndGlobal
